
Microsoft Visual Studio Solution File, Format Version 12.00
# Visual Studio Version 16
VisualStudioVersion = 16.0.30413.136
MinimumVisualStudioVersion = 10.0.40219.1
Project("{9A19103F-16F7-4668-BE54-9A1E7A4F7556}") = "Datalaag", "Datalaag\Datalaag.csproj", "{A4AB4648-18DC-48E9-B3CA-FED1B3226129}"
EndProject
Project("{9A19103F-16F7-4668-BE54-9A1E7A4F7556}") = "Businesslaag", "businesslaag\Businesslaag.csproj", "{495721EE-7C12-42B2-A3C6-4605CE40C251}"
EndProject
Project("{9A19103F-16F7-4668-BE54-9A1E7A4F7556}") = "GUI", "GUI\GUI.csproj", "{F1E597AC-D750-4332-94B1-5FE0A42BA84E}"
EndProject
Project("{9A19103F-16F7-4668-BE54-9A1E7A4F7556}") = "UnitTests", "UnitTests\UnitTests.csproj", "{52E7DC55-6379-4D63-B885-0E4A6CA1D16B}"
EndProject
Project("{9A19103F-16F7-4668-BE54-9A1E7A4F7556}") = "JSON", "WpfApp2\JSON.csproj", "{921F4DB0-026D-4A02-AE9F-8923E9270E68}"
EndProject
Project("{9A19103F-16F7-4668-BE54-9A1E7A4F7556}") = "test", "test\test.csproj", "{FDBFD2E6-33D4-4A21-BC95-7534AA8F9B01}"
EndProject
Project("{FAE04EC0-301F-11D3-BF4B-00C04F79EFBC}") = "integratieTests", "integratieTests\integratieTests.csproj", "{DEA4C86E-8AD8-483E-88AD-1B4188F5C819}"
EndProject
Global
	GlobalSection(SolutionConfigurationPlatforms) = preSolution
		Debug|Any CPU = Debug|Any CPU
		Release|Any CPU = Release|Any CPU
	EndGlobalSection
	GlobalSection(ProjectConfigurationPlatforms) = postSolution
		{A4AB4648-18DC-48E9-B3CA-FED1B3226129}.Debug|Any CPU.ActiveCfg = Debug|Any CPU
		{A4AB4648-18DC-48E9-B3CA-FED1B3226129}.Debug|Any CPU.Build.0 = Debug|Any CPU
		{A4AB4648-18DC-48E9-B3CA-FED1B3226129}.Release|Any CPU.ActiveCfg = Release|Any CPU
		{A4AB4648-18DC-48E9-B3CA-FED1B3226129}.Release|Any CPU.Build.0 = Release|Any CPU
		{495721EE-7C12-42B2-A3C6-4605CE40C251}.Debug|Any CPU.ActiveCfg = Debug|Any CPU
		{495721EE-7C12-42B2-A3C6-4605CE40C251}.Debug|Any CPU.Build.0 = Debug|Any CPU
		{495721EE-7C12-42B2-A3C6-4605CE40C251}.Release|Any CPU.ActiveCfg = Release|Any CPU
		{495721EE-7C12-42B2-A3C6-4605CE40C251}.Release|Any CPU.Build.0 = Release|Any CPU
		{F1E597AC-D750-4332-94B1-5FE0A42BA84E}.Debug|Any CPU.ActiveCfg = Debug|Any CPU
		{F1E597AC-D750-4332-94B1-5FE0A42BA84E}.Debug|Any CPU.Build.0 = Debug|Any CPU
		{F1E597AC-D750-4332-94B1-5FE0A42BA84E}.Release|Any CPU.ActiveCfg = Release|Any CPU
		{F1E597AC-D750-4332-94B1-5FE0A42BA84E}.Release|Any CPU.Build.0 = Release|Any CPU
		{52E7DC55-6379-4D63-B885-0E4A6CA1D16B}.Debug|Any CPU.ActiveCfg = Debug|Any CPU
		{52E7DC55-6379-4D63-B885-0E4A6CA1D16B}.Debug|Any CPU.Build.0 = Debug|Any CPU
		{52E7DC55-6379-4D63-B885-0E4A6CA1D16B}.Release|Any CPU.ActiveCfg = Release|Any CPU
		{52E7DC55-6379-4D63-B885-0E4A6CA1D16B}.Release|Any CPU.Build.0 = Release|Any CPU
		{921F4DB0-026D-4A02-AE9F-8923E9270E68}.Debug|Any CPU.ActiveCfg = Debug|Any CPU
		{921F4DB0-026D-4A02-AE9F-8923E9270E68}.Debug|Any CPU.Build.0 = Debug|Any CPU
		{921F4DB0-026D-4A02-AE9F-8923E9270E68}.Release|Any CPU.ActiveCfg = Release|Any CPU
		{921F4DB0-026D-4A02-AE9F-8923E9270E68}.Release|Any CPU.Build.0 = Release|Any CPU
		{FDBFD2E6-33D4-4A21-BC95-7534AA8F9B01}.Debug|Any CPU.ActiveCfg = Debug|Any CPU
		{FDBFD2E6-33D4-4A21-BC95-7534AA8F9B01}.Debug|Any CPU.Build.0 = Debug|Any CPU
		{FDBFD2E6-33D4-4A21-BC95-7534AA8F9B01}.Release|Any CPU.ActiveCfg = Release|Any CPU
		{FDBFD2E6-33D4-4A21-BC95-7534AA8F9B01}.Release|Any CPU.Build.0 = Release|Any CPU
		{DEA4C86E-8AD8-483E-88AD-1B4188F5C819}.Debug|Any CPU.ActiveCfg = Debug|Any CPU
		{DEA4C86E-8AD8-483E-88AD-1B4188F5C819}.Debug|Any CPU.Build.0 = Debug|Any CPU
		{DEA4C86E-8AD8-483E-88AD-1B4188F5C819}.Release|Any CPU.ActiveCfg = Release|Any CPU
		{DEA4C86E-8AD8-483E-88AD-1B4188F5C819}.Release|Any CPU.Build.0 = Release|Any CPU
	EndGlobalSection
	GlobalSection(SolutionProperties) = preSolution
		HideSolutionNode = FALSE
	EndGlobalSection
	GlobalSection(ExtensibilityGlobals) = postSolution
		SolutionGuid = {977496C1-2E61-4D81-991D-1989D1057F92}
	EndGlobalSection
EndGlobal
